
Microsoft Visual Studio Solution File, Format Version 12.00
# Visual Studio Version 17
VisualStudioVersion = 17.3.32804.467
MinimumVisualStudioVersion = 10.0.40219.1
Project("{9A19103F-16F7-4668-BE54-9A1E7A4F7556}") = "MovieMicroservice", "MovieMicroservice.csproj", "{B12D1B2B-8A1A-4331-A308-49A960EE1C81}"
EndProject
Project("{E53339B2-1760-4266-BCC7-CA923CBCF16C}") = "docker-compose", "docker-compose.dcproj", "{747AEE4D-1821-455F-BB35-4AFFC7715438}"
EndProject
Global
	GlobalSection(SolutionConfigurationPlatforms) = preSolution
		Debug|Any CPU = Debug|Any CPU
		Release|Any CPU = Release|Any CPU
	EndGlobalSection
	GlobalSection(ProjectConfigurationPlatforms) = postSolution
		{B12D1B2B-8A1A-4331-A308-49A960EE1C81}.Debug|Any CPU.ActiveCfg = Debug|Any CPU
		{B12D1B2B-8A1A-4331-A308-49A960EE1C81}.Debug|Any CPU.Build.0 = Debug|Any CPU
		{B12D1B2B-8A1A-4331-A308-49A960EE1C81}.Release|Any CPU.ActiveCfg = Release|Any CPU
		{B12D1B2B-8A1A-4331-A308-49A960EE1C81}.Release|Any CPU.Build.0 = Release|Any CPU
		{747AEE4D-1821-455F-BB35-4AFFC7715438}.Debug|Any CPU.ActiveCfg = Debug|Any CPU
		{747AEE4D-1821-455F-BB35-4AFFC7715438}.Debug|Any CPU.Build.0 = Debug|Any CPU
		{747AEE4D-1821-455F-BB35-4AFFC7715438}.Release|Any CPU.ActiveCfg = Release|Any CPU
		{747AEE4D-1821-455F-BB35-4AFFC7715438}.Release|Any CPU.Build.0 = Release|Any CPU
	EndGlobalSection
	GlobalSection(SolutionProperties) = preSolution
		HideSolutionNode = FALSE
	EndGlobalSection
	GlobalSection(ExtensibilityGlobals) = postSolution
		SolutionGuid = {2E88FF4F-4F3F-44E5-85B9-8CAD3D619C70}
	EndGlobalSection
EndGlobal
